
Microsoft Visual Studio Solution File, Format Version 12.00
Project("{FAE04EC0-301F-11D3-BF4B-00C04F79EFBC}") = "PresentationLayer", "PresentationLayer\PresentationLayer.csproj", "{C8788160-53C2-454D-A232-FD554871954F}"
EndProject
Project("{FAE04EC0-301F-11D3-BF4B-00C04F79EFBC}") = "UnitTests", "UnitTests\UnitTests.csproj", "{9972011E-EAA1-40AC-B18A-02A2DFE641D4}"
EndProject
Project("{FAE04EC0-301F-11D3-BF4B-00C04F79EFBC}") = "DataLayer", "DataLayer\DataLayer.csproj", "{C97CD46E-9562-48E3-8524-B05897E3B862}"
EndProject
Project("{FAE04EC0-301F-11D3-BF4B-00C04F79EFBC}") = "LogicLayer", "LogicLayer\LogicLayer.csproj", "{400152F4-F74A-40D1-B81E-A6F04DCFB89C}"
EndProject
Global
	GlobalSection(SolutionConfigurationPlatforms) = preSolution
		Debug|Any CPU = Debug|Any CPU
		Release|Any CPU = Release|Any CPU
	EndGlobalSection
	GlobalSection(ProjectConfigurationPlatforms) = postSolution
		{C8788160-53C2-454D-A232-FD554871954F}.Debug|Any CPU.ActiveCfg = Debug|Any CPU
		{C8788160-53C2-454D-A232-FD554871954F}.Debug|Any CPU.Build.0 = Debug|Any CPU
		{C8788160-53C2-454D-A232-FD554871954F}.Release|Any CPU.ActiveCfg = Release|Any CPU
		{C8788160-53C2-454D-A232-FD554871954F}.Release|Any CPU.Build.0 = Release|Any CPU
		{9972011E-EAA1-40AC-B18A-02A2DFE641D4}.Debug|Any CPU.ActiveCfg = Debug|Any CPU
		{9972011E-EAA1-40AC-B18A-02A2DFE641D4}.Debug|Any CPU.Build.0 = Debug|Any CPU
		{9972011E-EAA1-40AC-B18A-02A2DFE641D4}.Release|Any CPU.ActiveCfg = Release|Any CPU
		{9972011E-EAA1-40AC-B18A-02A2DFE641D4}.Release|Any CPU.Build.0 = Release|Any CPU
		{C97CD46E-9562-48E3-8524-B05897E3B862}.Debug|Any CPU.ActiveCfg = Debug|Any CPU
		{C97CD46E-9562-48E3-8524-B05897E3B862}.Debug|Any CPU.Build.0 = Debug|Any CPU
		{C97CD46E-9562-48E3-8524-B05897E3B862}.Release|Any CPU.ActiveCfg = Release|Any CPU
		{C97CD46E-9562-48E3-8524-B05897E3B862}.Release|Any CPU.Build.0 = Release|Any CPU
		{400152F4-F74A-40D1-B81E-A6F04DCFB89C}.Debug|Any CPU.ActiveCfg = Debug|Any CPU
		{400152F4-F74A-40D1-B81E-A6F04DCFB89C}.Debug|Any CPU.Build.0 = Debug|Any CPU
		{400152F4-F74A-40D1-B81E-A6F04DCFB89C}.Release|Any CPU.ActiveCfg = Release|Any CPU
		{400152F4-F74A-40D1-B81E-A6F04DCFB89C}.Release|Any CPU.Build.0 = Release|Any CPU
	EndGlobalSection
EndGlobal
